
Microsoft Visual Studio Solution File, Format Version 12.00
Project("{2150E333-8FDC-42A3-9474-1A3956D46DE8}") = "Easy", "Easy", "{F3DF4F77-4436-4D7A-A6B1-3B66336F535A}"
EndProject
Project("{FAE04EC0-301F-11D3-BF4B-00C04F79EFBC}") = "TwnSum", "TwnSum\TwnSum.csproj", "{DE93B4EE-EF05-428C-B4C6-53DA6E09C519}"
EndProject
Project("{FAE04EC0-301F-11D3-BF4B-00C04F79EFBC}") = "Reverse", "Reverse\Reverse.csproj", "{0481058F-A8DB-4320-BA00-D4BD4E05E247}"
EndProject
Project("{FAE04EC0-301F-11D3-BF4B-00C04F79EFBC}") = "IsPalindrome", "IsPalindrome\IsPalindrome.csproj", "{EFAA2A8B-ECBA-4A21-96D3-78B895EF070E}"
EndProject
Project("{FAE04EC0-301F-11D3-BF4B-00C04F79EFBC}") = "RomanToInt", "RomanToInt\RomanToInt.csproj", "{327F3048-A884-49C6-A3DA-B1353B367CBA}"
EndProject
Project("{2150E333-8FDC-42A3-9474-1A3956D46DE8}") = "Medium", "Medium", "{5833CEFA-8F0D-4DD0-A191-5EC5C8D37B40}"
EndProject
Project("{FAE04EC0-301F-11D3-BF4B-00C04F79EFBC}") = "AddTwoNumbers", "AddTwoNumbers\AddTwoNumbers.csproj", "{34CE4ADB-AC96-4D69-B5AB-B32CDB946AF5}"
EndProject
Global
	GlobalSection(SolutionConfigurationPlatforms) = preSolution
		Debug|Any CPU = Debug|Any CPU
		Release|Any CPU = Release|Any CPU
	EndGlobalSection
	GlobalSection(ProjectConfigurationPlatforms) = postSolution
		{DE93B4EE-EF05-428C-B4C6-53DA6E09C519}.Debug|Any CPU.ActiveCfg = Debug|Any CPU
		{DE93B4EE-EF05-428C-B4C6-53DA6E09C519}.Debug|Any CPU.Build.0 = Debug|Any CPU
		{DE93B4EE-EF05-428C-B4C6-53DA6E09C519}.Release|Any CPU.ActiveCfg = Release|Any CPU
		{DE93B4EE-EF05-428C-B4C6-53DA6E09C519}.Release|Any CPU.Build.0 = Release|Any CPU
		{0481058F-A8DB-4320-BA00-D4BD4E05E247}.Debug|Any CPU.ActiveCfg = Debug|Any CPU
		{0481058F-A8DB-4320-BA00-D4BD4E05E247}.Debug|Any CPU.Build.0 = Debug|Any CPU
		{0481058F-A8DB-4320-BA00-D4BD4E05E247}.Release|Any CPU.ActiveCfg = Release|Any CPU
		{0481058F-A8DB-4320-BA00-D4BD4E05E247}.Release|Any CPU.Build.0 = Release|Any CPU
		{EFAA2A8B-ECBA-4A21-96D3-78B895EF070E}.Debug|Any CPU.ActiveCfg = Debug|Any CPU
		{EFAA2A8B-ECBA-4A21-96D3-78B895EF070E}.Debug|Any CPU.Build.0 = Debug|Any CPU
		{EFAA2A8B-ECBA-4A21-96D3-78B895EF070E}.Release|Any CPU.ActiveCfg = Release|Any CPU
		{EFAA2A8B-ECBA-4A21-96D3-78B895EF070E}.Release|Any CPU.Build.0 = Release|Any CPU
		{327F3048-A884-49C6-A3DA-B1353B367CBA}.Debug|Any CPU.ActiveCfg = Debug|Any CPU
		{327F3048-A884-49C6-A3DA-B1353B367CBA}.Debug|Any CPU.Build.0 = Debug|Any CPU
		{327F3048-A884-49C6-A3DA-B1353B367CBA}.Release|Any CPU.ActiveCfg = Release|Any CPU
		{327F3048-A884-49C6-A3DA-B1353B367CBA}.Release|Any CPU.Build.0 = Release|Any CPU
		{34CE4ADB-AC96-4D69-B5AB-B32CDB946AF5}.Debug|Any CPU.ActiveCfg = Debug|Any CPU
		{34CE4ADB-AC96-4D69-B5AB-B32CDB946AF5}.Debug|Any CPU.Build.0 = Debug|Any CPU
		{34CE4ADB-AC96-4D69-B5AB-B32CDB946AF5}.Release|Any CPU.ActiveCfg = Release|Any CPU
		{34CE4ADB-AC96-4D69-B5AB-B32CDB946AF5}.Release|Any CPU.Build.0 = Release|Any CPU
	EndGlobalSection
	GlobalSection(NestedProjects) = preSolution
		{DE93B4EE-EF05-428C-B4C6-53DA6E09C519} = {F3DF4F77-4436-4D7A-A6B1-3B66336F535A}
		{0481058F-A8DB-4320-BA00-D4BD4E05E247} = {F3DF4F77-4436-4D7A-A6B1-3B66336F535A}
		{EFAA2A8B-ECBA-4A21-96D3-78B895EF070E} = {F3DF4F77-4436-4D7A-A6B1-3B66336F535A}
		{327F3048-A884-49C6-A3DA-B1353B367CBA} = {F3DF4F77-4436-4D7A-A6B1-3B66336F535A}
		{34CE4ADB-AC96-4D69-B5AB-B32CDB946AF5} = {5833CEFA-8F0D-4DD0-A191-5EC5C8D37B40}
	EndGlobalSection
EndGlobal
